
Microsoft Visual Studio Solution File, Format Version 12.00
# Visual Studio 2012
Project("{FAE04EC0-301F-11D3-BF4B-00C04F79EFBC}") = "CenterCLR.Epoxy.WPF45", "CenterCLR.Epoxy.WPF45\CenterCLR.Epoxy.WPF45.csproj", "{077052BD-1CF9-4FE0-8A83-FCC3B52E58E3}"
EndProject
Project("{FAE04EC0-301F-11D3-BF4B-00C04F79EFBC}") = "CenterCLR.Epoxy.WPF4", "CenterCLR.Epoxy.WPF4\CenterCLR.Epoxy.WPF4.csproj", "{18966A85-C06B-4C2D-80ED-9BE99609AB7A}"
EndProject
Project("{FAE04EC0-301F-11D3-BF4B-00C04F79EFBC}") = "CenterCLR.Epoxy.WPF35", "CenterCLR.Epoxy.WPF35\CenterCLR.Epoxy.WPF35.csproj", "{D1761E31-4024-41C8-BC44-59ACFB65591D}"
EndProject
Project("{FAE04EC0-301F-11D3-BF4B-00C04F79EFBC}") = "CenterCLR.Epoxy.WinRT8", "CenterCLR.Epoxy.WinRT8\CenterCLR.Epoxy.WinRT8.csproj", "{22B2FBEC-9BE2-4622-97D6-52BDEE909074}"
EndProject
Project("{FAE04EC0-301F-11D3-BF4B-00C04F79EFBC}") = "CenterCLR.Epoxy.WP8", "CenterCLR.Epoxy.WP8\CenterCLR.Epoxy.WP8.csproj", "{7C813135-E424-4BC1-8004-50390D17F242}"
EndProject
Project("{FAE04EC0-301F-11D3-BF4B-00C04F79EFBC}") = "CenterCLR.Epoxy.WP71", "CenterCLR.Epoxy.WP71\CenterCLR.Epoxy.WP71.csproj", "{12931802-86E6-4B48-A665-169C962F19F0}"
EndProject
Project("{FAE04EC0-301F-11D3-BF4B-00C04F79EFBC}") = "CenterCLR.Epoxy.SL5", "CenterCLR.Epoxy.SL5\CenterCLR.Epoxy.SL5.csproj", "{31607FB0-1287-469E-A1D9-77CC95032CA8}"
EndProject
Project("{FAE04EC0-301F-11D3-BF4B-00C04F79EFBC}") = "CenterCLR.Epoxy", "CenterCLR.Epoxy\CenterCLR.Epoxy.csproj", "{0451BAEF-DF2E-4B98-8644-94EE9415E389}"
	ProjectSection(ProjectDependencies) = postProject
		{12931802-86E6-4B48-A665-169C962F19F0} = {12931802-86E6-4B48-A665-169C962F19F0}
		{D1761E31-4024-41C8-BC44-59ACFB65591D} = {D1761E31-4024-41C8-BC44-59ACFB65591D}
		{7C813135-E424-4BC1-8004-50390D17F242} = {7C813135-E424-4BC1-8004-50390D17F242}
		{4382583B-37ED-48C7-BA1A-C103C36E3A45} = {4382583B-37ED-48C7-BA1A-C103C36E3A45}
		{18966A85-C06B-4C2D-80ED-9BE99609AB7A} = {18966A85-C06B-4C2D-80ED-9BE99609AB7A}
		{31607FB0-1287-469E-A1D9-77CC95032CA8} = {31607FB0-1287-469E-A1D9-77CC95032CA8}
		{077052BD-1CF9-4FE0-8A83-FCC3B52E58E3} = {077052BD-1CF9-4FE0-8A83-FCC3B52E58E3}
		{22B2FBEC-9BE2-4622-97D6-52BDEE909074} = {22B2FBEC-9BE2-4622-97D6-52BDEE909074}
	EndProjectSection
EndProject
Project("{2150E333-8FDC-42A3-9474-1A3956D46DE8}") = "Solution Items", "Solution Items", "{FE012192-63A0-460D-B5C9-9EE74AC5111B}"
	ProjectSection(SolutionItems) = preProject
		CenterCLR.Epoxy.snk = CenterCLR.Epoxy.snk
		CommonAssemblyInfo.cs = CommonAssemblyInfo.cs
	EndProjectSection
EndProject
Project("{FAE04EC0-301F-11D3-BF4B-00C04F79EFBC}") = "CenterCLR.Epoxy.Droid", "CenterCLR.Epoxy.Droid\CenterCLR.Epoxy.Droid.csproj", "{4382583B-37ED-48C7-BA1A-C103C36E3A45}"
EndProject
Global
	GlobalSection(SolutionConfigurationPlatforms) = preSolution
		Debug|Any CPU = Debug|Any CPU
		Release|Any CPU = Release|Any CPU
	EndGlobalSection
	GlobalSection(ProjectConfigurationPlatforms) = postSolution
		{077052BD-1CF9-4FE0-8A83-FCC3B52E58E3}.Debug|Any CPU.ActiveCfg = Debug|Any CPU
		{077052BD-1CF9-4FE0-8A83-FCC3B52E58E3}.Debug|Any CPU.Build.0 = Debug|Any CPU
		{077052BD-1CF9-4FE0-8A83-FCC3B52E58E3}.Release|Any CPU.ActiveCfg = Release|Any CPU
		{077052BD-1CF9-4FE0-8A83-FCC3B52E58E3}.Release|Any CPU.Build.0 = Release|Any CPU
		{18966A85-C06B-4C2D-80ED-9BE99609AB7A}.Debug|Any CPU.ActiveCfg = Debug|Any CPU
		{18966A85-C06B-4C2D-80ED-9BE99609AB7A}.Debug|Any CPU.Build.0 = Debug|Any CPU
		{18966A85-C06B-4C2D-80ED-9BE99609AB7A}.Release|Any CPU.ActiveCfg = Release|Any CPU
		{18966A85-C06B-4C2D-80ED-9BE99609AB7A}.Release|Any CPU.Build.0 = Release|Any CPU
		{D1761E31-4024-41C8-BC44-59ACFB65591D}.Debug|Any CPU.ActiveCfg = Debug|Any CPU
		{D1761E31-4024-41C8-BC44-59ACFB65591D}.Debug|Any CPU.Build.0 = Debug|Any CPU
		{D1761E31-4024-41C8-BC44-59ACFB65591D}.Release|Any CPU.ActiveCfg = Release|Any CPU
		{D1761E31-4024-41C8-BC44-59ACFB65591D}.Release|Any CPU.Build.0 = Release|Any CPU
		{22B2FBEC-9BE2-4622-97D6-52BDEE909074}.Debug|Any CPU.ActiveCfg = Debug|Any CPU
		{22B2FBEC-9BE2-4622-97D6-52BDEE909074}.Debug|Any CPU.Build.0 = Debug|Any CPU
		{22B2FBEC-9BE2-4622-97D6-52BDEE909074}.Release|Any CPU.ActiveCfg = Release|Any CPU
		{22B2FBEC-9BE2-4622-97D6-52BDEE909074}.Release|Any CPU.Build.0 = Release|Any CPU
		{7C813135-E424-4BC1-8004-50390D17F242}.Debug|Any CPU.ActiveCfg = Debug|Any CPU
		{7C813135-E424-4BC1-8004-50390D17F242}.Debug|Any CPU.Build.0 = Debug|Any CPU
		{7C813135-E424-4BC1-8004-50390D17F242}.Release|Any CPU.ActiveCfg = Release|Any CPU
		{7C813135-E424-4BC1-8004-50390D17F242}.Release|Any CPU.Build.0 = Release|Any CPU
		{12931802-86E6-4B48-A665-169C962F19F0}.Debug|Any CPU.ActiveCfg = Debug|Any CPU
		{12931802-86E6-4B48-A665-169C962F19F0}.Debug|Any CPU.Build.0 = Debug|Any CPU
		{12931802-86E6-4B48-A665-169C962F19F0}.Release|Any CPU.ActiveCfg = Release|Any CPU
		{12931802-86E6-4B48-A665-169C962F19F0}.Release|Any CPU.Build.0 = Release|Any CPU
		{31607FB0-1287-469E-A1D9-77CC95032CA8}.Debug|Any CPU.ActiveCfg = Debug|Any CPU
		{31607FB0-1287-469E-A1D9-77CC95032CA8}.Debug|Any CPU.Build.0 = Debug|Any CPU
		{31607FB0-1287-469E-A1D9-77CC95032CA8}.Release|Any CPU.ActiveCfg = Release|Any CPU
		{31607FB0-1287-469E-A1D9-77CC95032CA8}.Release|Any CPU.Build.0 = Release|Any CPU
		{0451BAEF-DF2E-4B98-8644-94EE9415E389}.Debug|Any CPU.ActiveCfg = Debug|Any CPU
		{0451BAEF-DF2E-4B98-8644-94EE9415E389}.Release|Any CPU.ActiveCfg = Release|Any CPU
		{0451BAEF-DF2E-4B98-8644-94EE9415E389}.Release|Any CPU.Build.0 = Release|Any CPU
		{4382583B-37ED-48C7-BA1A-C103C36E3A45}.Debug|Any CPU.ActiveCfg = Debug|Any CPU
		{4382583B-37ED-48C7-BA1A-C103C36E3A45}.Debug|Any CPU.Build.0 = Debug|Any CPU
		{4382583B-37ED-48C7-BA1A-C103C36E3A45}.Release|Any CPU.ActiveCfg = Release|Any CPU
		{4382583B-37ED-48C7-BA1A-C103C36E3A45}.Release|Any CPU.Build.0 = Release|Any CPU
	EndGlobalSection
	GlobalSection(SolutionProperties) = preSolution
		HideSolutionNode = FALSE
	EndGlobalSection
EndGlobal
