
Microsoft Visual Studio Solution File, Format Version 12.00
# Visual Studio 2012
Project("{FAE04EC0-301F-11D3-BF4B-00C04F79EFBC}") = "CenterCLR.Epoxy.WPF45", "CenterCLR.Epoxy.WPF45\CenterCLR.Epoxy.WPF45.csproj", "{077052BD-1CF9-4FE0-8A83-FCC3B52E58E3}"
EndProject
Project("{FAE04EC0-301F-11D3-BF4B-00C04F79EFBC}") = "CenterCLR.Epoxy.WPF4", "CenterCLR.Epoxy.WPF4\CenterCLR.Epoxy.WPF4.csproj", "{18966A85-C06B-4C2D-80ED-9BE99609AB7A}"
EndProject
Project("{FAE04EC0-301F-11D3-BF4B-00C04F79EFBC}") = "CenterCLR.Epoxy.WPF35", "CenterCLR.Epoxy.WPF35\CenterCLR.Epoxy.WPF35.csproj", "{D1761E31-4024-41C8-BC44-59ACFB65591D}"
EndProject
Project("{FAE04EC0-301F-11D3-BF4B-00C04F79EFBC}") = "CenterCLR.Epoxy.WinRT8", "CenterCLR.Epoxy.WinRT8\CenterCLR.Epoxy.WinRT8.csproj", "{22B2FBEC-9BE2-4622-97D6-52BDEE909074}"
EndProject
Project("{FAE04EC0-301F-11D3-BF4B-00C04F79EFBC}") = "CenterCLR.Epoxy.WP8", "CenterCLR.Epoxy.WP8\CenterCLR.Epoxy.WP8.csproj", "{7C813135-E424-4BC1-8004-50390D17F242}"
EndProject
Project("{FAE04EC0-301F-11D3-BF4B-00C04F79EFBC}") = "CenterCLR.Epoxy.WP75", "CenterCLR.Epoxy.WP75\CenterCLR.Epoxy.WP75.csproj", "{12931802-86E6-4B48-A665-169C962F19F0}"
EndProject
Project("{FAE04EC0-301F-11D3-BF4B-00C04F79EFBC}") = "CenterCLR.Epoxy.SL5", "CenterCLR.Epoxy.SL5\CenterCLR.Epoxy.SL5.csproj", "{31607FB0-1287-469E-A1D9-77CC95032CA8}"
EndProject
Project("{FAE04EC0-301F-11D3-BF4B-00C04F79EFBC}") = "CenterCLR.Epoxy", "CenterCLR.Epoxy\CenterCLR.Epoxy.csproj", "{0451BAEF-DF2E-4B98-8644-94EE9415E389}"
	ProjectSection(ProjectDependencies) = postProject
		{12931802-86E6-4B48-A665-169C962F19F0} = {12931802-86E6-4B48-A665-169C962F19F0}
		{D1761E31-4024-41C8-BC44-59ACFB65591D} = {D1761E31-4024-41C8-BC44-59ACFB65591D}
		{7C813135-E424-4BC1-8004-50390D17F242} = {7C813135-E424-4BC1-8004-50390D17F242}
		{18966A85-C06B-4C2D-80ED-9BE99609AB7A} = {18966A85-C06B-4C2D-80ED-9BE99609AB7A}
		{31607FB0-1287-469E-A1D9-77CC95032CA8} = {31607FB0-1287-469E-A1D9-77CC95032CA8}
		{077052BD-1CF9-4FE0-8A83-FCC3B52E58E3} = {077052BD-1CF9-4FE0-8A83-FCC3B52E58E3}
		{22B2FBEC-9BE2-4622-97D6-52BDEE909074} = {22B2FBEC-9BE2-4622-97D6-52BDEE909074}
	EndProjectSection
EndProject
Global
	GlobalSection(SolutionConfigurationPlatforms) = preSolution
		Debug|Any CPU = Debug|Any CPU
		Debug|ARM = Debug|ARM
		Debug|x64 = Debug|x64
		Debug|x86 = Debug|x86
		Release|Any CPU = Release|Any CPU
		Release|ARM = Release|ARM
		Release|x64 = Release|x64
		Release|x86 = Release|x86
	EndGlobalSection
	GlobalSection(ProjectConfigurationPlatforms) = postSolution
		{0DE6B355-FD9C-48B2-96F5-3A233EB3CA48}.Debug|Any CPU.ActiveCfg = Debug|Any CPU
		{0DE6B355-FD9C-48B2-96F5-3A233EB3CA48}.Debug|Any CPU.Build.0 = Debug|Any CPU
		{0DE6B355-FD9C-48B2-96F5-3A233EB3CA48}.Debug|ARM.ActiveCfg = Debug|Any CPU
		{0DE6B355-FD9C-48B2-96F5-3A233EB3CA48}.Debug|x64.ActiveCfg = Debug|Any CPU
		{0DE6B355-FD9C-48B2-96F5-3A233EB3CA48}.Debug|x86.ActiveCfg = Debug|Any CPU
		{0DE6B355-FD9C-48B2-96F5-3A233EB3CA48}.Release|Any CPU.ActiveCfg = Release|Any CPU
		{0DE6B355-FD9C-48B2-96F5-3A233EB3CA48}.Release|Any CPU.Build.0 = Release|Any CPU
		{0DE6B355-FD9C-48B2-96F5-3A233EB3CA48}.Release|ARM.ActiveCfg = Release|Any CPU
		{0DE6B355-FD9C-48B2-96F5-3A233EB3CA48}.Release|x64.ActiveCfg = Release|Any CPU
		{0DE6B355-FD9C-48B2-96F5-3A233EB3CA48}.Release|x86.ActiveCfg = Release|Any CPU
		{077052BD-1CF9-4FE0-8A83-FCC3B52E58E3}.Debug|Any CPU.ActiveCfg = Debug|Any CPU
		{077052BD-1CF9-4FE0-8A83-FCC3B52E58E3}.Debug|Any CPU.Build.0 = Debug|Any CPU
		{077052BD-1CF9-4FE0-8A83-FCC3B52E58E3}.Debug|ARM.ActiveCfg = Debug|Any CPU
		{077052BD-1CF9-4FE0-8A83-FCC3B52E58E3}.Debug|x64.ActiveCfg = Debug|Any CPU
		{077052BD-1CF9-4FE0-8A83-FCC3B52E58E3}.Debug|x86.ActiveCfg = Debug|Any CPU
		{077052BD-1CF9-4FE0-8A83-FCC3B52E58E3}.Release|Any CPU.ActiveCfg = Release|Any CPU
		{077052BD-1CF9-4FE0-8A83-FCC3B52E58E3}.Release|Any CPU.Build.0 = Release|Any CPU
		{077052BD-1CF9-4FE0-8A83-FCC3B52E58E3}.Release|ARM.ActiveCfg = Release|Any CPU
		{077052BD-1CF9-4FE0-8A83-FCC3B52E58E3}.Release|x64.ActiveCfg = Release|Any CPU
		{077052BD-1CF9-4FE0-8A83-FCC3B52E58E3}.Release|x86.ActiveCfg = Release|Any CPU
		{18966A85-C06B-4C2D-80ED-9BE99609AB7A}.Debug|Any CPU.ActiveCfg = Debug|Any CPU
		{18966A85-C06B-4C2D-80ED-9BE99609AB7A}.Debug|Any CPU.Build.0 = Debug|Any CPU
		{18966A85-C06B-4C2D-80ED-9BE99609AB7A}.Debug|ARM.ActiveCfg = Debug|Any CPU
		{18966A85-C06B-4C2D-80ED-9BE99609AB7A}.Debug|x64.ActiveCfg = Debug|Any CPU
		{18966A85-C06B-4C2D-80ED-9BE99609AB7A}.Debug|x86.ActiveCfg = Debug|Any CPU
		{18966A85-C06B-4C2D-80ED-9BE99609AB7A}.Release|Any CPU.ActiveCfg = Release|Any CPU
		{18966A85-C06B-4C2D-80ED-9BE99609AB7A}.Release|Any CPU.Build.0 = Release|Any CPU
		{18966A85-C06B-4C2D-80ED-9BE99609AB7A}.Release|ARM.ActiveCfg = Release|Any CPU
		{18966A85-C06B-4C2D-80ED-9BE99609AB7A}.Release|x64.ActiveCfg = Release|Any CPU
		{18966A85-C06B-4C2D-80ED-9BE99609AB7A}.Release|x86.ActiveCfg = Release|Any CPU
		{D1761E31-4024-41C8-BC44-59ACFB65591D}.Debug|Any CPU.ActiveCfg = Debug|Any CPU
		{D1761E31-4024-41C8-BC44-59ACFB65591D}.Debug|Any CPU.Build.0 = Debug|Any CPU
		{D1761E31-4024-41C8-BC44-59ACFB65591D}.Debug|ARM.ActiveCfg = Debug|Any CPU
		{D1761E31-4024-41C8-BC44-59ACFB65591D}.Debug|x64.ActiveCfg = Debug|Any CPU
		{D1761E31-4024-41C8-BC44-59ACFB65591D}.Debug|x86.ActiveCfg = Debug|Any CPU
		{D1761E31-4024-41C8-BC44-59ACFB65591D}.Release|Any CPU.ActiveCfg = Release|Any CPU
		{D1761E31-4024-41C8-BC44-59ACFB65591D}.Release|Any CPU.Build.0 = Release|Any CPU
		{D1761E31-4024-41C8-BC44-59ACFB65591D}.Release|ARM.ActiveCfg = Release|Any CPU
		{D1761E31-4024-41C8-BC44-59ACFB65591D}.Release|x64.ActiveCfg = Release|Any CPU
		{D1761E31-4024-41C8-BC44-59ACFB65591D}.Release|x86.ActiveCfg = Release|Any CPU
		{22B2FBEC-9BE2-4622-97D6-52BDEE909074}.Debug|Any CPU.ActiveCfg = Debug|Any CPU
		{22B2FBEC-9BE2-4622-97D6-52BDEE909074}.Debug|Any CPU.Build.0 = Debug|Any CPU
		{22B2FBEC-9BE2-4622-97D6-52BDEE909074}.Debug|ARM.ActiveCfg = Debug|Any CPU
		{22B2FBEC-9BE2-4622-97D6-52BDEE909074}.Debug|x64.ActiveCfg = Debug|Any CPU
		{22B2FBEC-9BE2-4622-97D6-52BDEE909074}.Debug|x86.ActiveCfg = Debug|Any CPU
		{22B2FBEC-9BE2-4622-97D6-52BDEE909074}.Release|Any CPU.ActiveCfg = Release|Any CPU
		{22B2FBEC-9BE2-4622-97D6-52BDEE909074}.Release|Any CPU.Build.0 = Release|Any CPU
		{22B2FBEC-9BE2-4622-97D6-52BDEE909074}.Release|ARM.ActiveCfg = Release|Any CPU
		{22B2FBEC-9BE2-4622-97D6-52BDEE909074}.Release|x64.ActiveCfg = Release|Any CPU
		{22B2FBEC-9BE2-4622-97D6-52BDEE909074}.Release|x86.ActiveCfg = Release|Any CPU
		{7C813135-E424-4BC1-8004-50390D17F242}.Debug|Any CPU.ActiveCfg = Debug|Any CPU
		{7C813135-E424-4BC1-8004-50390D17F242}.Debug|Any CPU.Build.0 = Debug|Any CPU
		{7C813135-E424-4BC1-8004-50390D17F242}.Debug|ARM.ActiveCfg = Debug|ARM
		{7C813135-E424-4BC1-8004-50390D17F242}.Debug|ARM.Build.0 = Debug|ARM
		{7C813135-E424-4BC1-8004-50390D17F242}.Debug|x64.ActiveCfg = Debug|Any CPU
		{7C813135-E424-4BC1-8004-50390D17F242}.Debug|x86.ActiveCfg = Debug|x86
		{7C813135-E424-4BC1-8004-50390D17F242}.Debug|x86.Build.0 = Debug|x86
		{7C813135-E424-4BC1-8004-50390D17F242}.Release|Any CPU.ActiveCfg = Release|Any CPU
		{7C813135-E424-4BC1-8004-50390D17F242}.Release|Any CPU.Build.0 = Release|Any CPU
		{7C813135-E424-4BC1-8004-50390D17F242}.Release|ARM.ActiveCfg = Release|ARM
		{7C813135-E424-4BC1-8004-50390D17F242}.Release|ARM.Build.0 = Release|ARM
		{7C813135-E424-4BC1-8004-50390D17F242}.Release|x64.ActiveCfg = Release|Any CPU
		{7C813135-E424-4BC1-8004-50390D17F242}.Release|x86.ActiveCfg = Release|x86
		{7C813135-E424-4BC1-8004-50390D17F242}.Release|x86.Build.0 = Release|x86
		{12931802-86E6-4B48-A665-169C962F19F0}.Debug|Any CPU.ActiveCfg = Debug|Any CPU
		{12931802-86E6-4B48-A665-169C962F19F0}.Debug|Any CPU.Build.0 = Debug|Any CPU
		{12931802-86E6-4B48-A665-169C962F19F0}.Debug|ARM.ActiveCfg = Debug|Any CPU
		{12931802-86E6-4B48-A665-169C962F19F0}.Debug|x64.ActiveCfg = Debug|Any CPU
		{12931802-86E6-4B48-A665-169C962F19F0}.Debug|x86.ActiveCfg = Debug|Any CPU
		{12931802-86E6-4B48-A665-169C962F19F0}.Release|Any CPU.ActiveCfg = Release|Any CPU
		{12931802-86E6-4B48-A665-169C962F19F0}.Release|Any CPU.Build.0 = Release|Any CPU
		{12931802-86E6-4B48-A665-169C962F19F0}.Release|ARM.ActiveCfg = Release|Any CPU
		{12931802-86E6-4B48-A665-169C962F19F0}.Release|x64.ActiveCfg = Release|Any CPU
		{12931802-86E6-4B48-A665-169C962F19F0}.Release|x86.ActiveCfg = Release|Any CPU
		{31607FB0-1287-469E-A1D9-77CC95032CA8}.Debug|Any CPU.ActiveCfg = Debug|Any CPU
		{31607FB0-1287-469E-A1D9-77CC95032CA8}.Debug|Any CPU.Build.0 = Debug|Any CPU
		{31607FB0-1287-469E-A1D9-77CC95032CA8}.Debug|ARM.ActiveCfg = Debug|Any CPU
		{31607FB0-1287-469E-A1D9-77CC95032CA8}.Debug|x64.ActiveCfg = Debug|Any CPU
		{31607FB0-1287-469E-A1D9-77CC95032CA8}.Debug|x86.ActiveCfg = Debug|Any CPU
		{31607FB0-1287-469E-A1D9-77CC95032CA8}.Release|Any CPU.ActiveCfg = Release|Any CPU
		{31607FB0-1287-469E-A1D9-77CC95032CA8}.Release|Any CPU.Build.0 = Release|Any CPU
		{31607FB0-1287-469E-A1D9-77CC95032CA8}.Release|ARM.ActiveCfg = Release|Any CPU
		{31607FB0-1287-469E-A1D9-77CC95032CA8}.Release|x64.ActiveCfg = Release|Any CPU
		{31607FB0-1287-469E-A1D9-77CC95032CA8}.Release|x86.ActiveCfg = Release|Any CPU
		{0451BAEF-DF2E-4B98-8644-94EE9415E389}.Debug|Any CPU.ActiveCfg = Debug|Any CPU
		{0451BAEF-DF2E-4B98-8644-94EE9415E389}.Debug|Any CPU.Build.0 = Debug|Any CPU
		{0451BAEF-DF2E-4B98-8644-94EE9415E389}.Debug|ARM.ActiveCfg = Debug|Any CPU
		{0451BAEF-DF2E-4B98-8644-94EE9415E389}.Debug|x64.ActiveCfg = Debug|Any CPU
		{0451BAEF-DF2E-4B98-8644-94EE9415E389}.Debug|x86.ActiveCfg = Debug|Any CPU
		{0451BAEF-DF2E-4B98-8644-94EE9415E389}.Release|Any CPU.ActiveCfg = Release|Any CPU
		{0451BAEF-DF2E-4B98-8644-94EE9415E389}.Release|Any CPU.Build.0 = Release|Any CPU
		{0451BAEF-DF2E-4B98-8644-94EE9415E389}.Release|ARM.ActiveCfg = Release|Any CPU
		{0451BAEF-DF2E-4B98-8644-94EE9415E389}.Release|x64.ActiveCfg = Release|Any CPU
		{0451BAEF-DF2E-4B98-8644-94EE9415E389}.Release|x86.ActiveCfg = Release|Any CPU
	EndGlobalSection
	GlobalSection(SolutionProperties) = preSolution
		HideSolutionNode = FALSE
	EndGlobalSection
EndGlobal
